
Microsoft Visual Studio Solution File, Format Version 12.00
# Visual Studio Version 17
VisualStudioVersion = 17.8.34309.116
MinimumVisualStudioVersion = 10.0.40219.1
Project("{FAE04EC0-301F-11D3-BF4B-00C04F79EFBC}") = "Kawaii.Server", "Kawaii.Server\Kawaii.Server.csproj", "{D75C04A1-752A-427E-8ADB-F5F0AF888F1D}"
EndProject
Project("{54A90642-561A-4BB1-A94E-469ADEE60C69}") = "kawaii.client", "kawaii.client\kawaii.client.esproj", "{CD41E1E1-2E48-45AA-A46F-AB3FB8138C5C}"
EndProject
Project("{FAE04EC0-301F-11D3-BF4B-00C04F79EFBC}") = "Kawaii.Core", "Kawaii.Core\Kawaii.Core.csproj", "{9381B225-628F-45FC-9579-5CDA03CBB9B5}"
EndProject
Global
	GlobalSection(SolutionConfigurationPlatforms) = preSolution
		Debug|Any CPU = Debug|Any CPU
		Release|Any CPU = Release|Any CPU
	EndGlobalSection
	GlobalSection(ProjectConfigurationPlatforms) = postSolution
		{D75C04A1-752A-427E-8ADB-F5F0AF888F1D}.Debug|Any CPU.ActiveCfg = Debug|Any CPU
		{D75C04A1-752A-427E-8ADB-F5F0AF888F1D}.Debug|Any CPU.Build.0 = Debug|Any CPU
		{D75C04A1-752A-427E-8ADB-F5F0AF888F1D}.Release|Any CPU.ActiveCfg = Release|Any CPU
		{D75C04A1-752A-427E-8ADB-F5F0AF888F1D}.Release|Any CPU.Build.0 = Release|Any CPU
		{CD41E1E1-2E48-45AA-A46F-AB3FB8138C5C}.Debug|Any CPU.ActiveCfg = Debug|Any CPU
		{CD41E1E1-2E48-45AA-A46F-AB3FB8138C5C}.Debug|Any CPU.Build.0 = Debug|Any CPU
		{CD41E1E1-2E48-45AA-A46F-AB3FB8138C5C}.Debug|Any CPU.Deploy.0 = Debug|Any CPU
		{CD41E1E1-2E48-45AA-A46F-AB3FB8138C5C}.Release|Any CPU.ActiveCfg = Release|Any CPU
		{CD41E1E1-2E48-45AA-A46F-AB3FB8138C5C}.Release|Any CPU.Build.0 = Release|Any CPU
		{CD41E1E1-2E48-45AA-A46F-AB3FB8138C5C}.Release|Any CPU.Deploy.0 = Release|Any CPU
		{9381B225-628F-45FC-9579-5CDA03CBB9B5}.Debug|Any CPU.ActiveCfg = Debug|Any CPU
		{9381B225-628F-45FC-9579-5CDA03CBB9B5}.Debug|Any CPU.Build.0 = Debug|Any CPU
		{9381B225-628F-45FC-9579-5CDA03CBB9B5}.Release|Any CPU.ActiveCfg = Release|Any CPU
		{9381B225-628F-45FC-9579-5CDA03CBB9B5}.Release|Any CPU.Build.0 = Release|Any CPU
	EndGlobalSection
	GlobalSection(SolutionProperties) = preSolution
		HideSolutionNode = FALSE
	EndGlobalSection
	GlobalSection(ExtensibilityGlobals) = postSolution
		SolutionGuid = {79B715C0-5C93-4731-A000-42747BC48F68}
	EndGlobalSection
EndGlobal
